
Microsoft Visual Studio Solution File, Format Version 12.00
# Visual Studio Version 17
VisualStudioVersion = 17.1.32210.238
MinimumVisualStudioVersion = 10.0.40219.1
Project("{FAE04EC0-301F-11D3-BF4B-00C04F79EFBC}") = "HelloWorldGrafico", "HelloWorldGrafico\HelloWorldGrafico.csproj", "{18BA0E2C-85D7-4A2F-8B75-71BBB33A4298}"
EndProject
Global
	GlobalSection(SolutionConfigurationPlatforms) = preSolution
		Debug|Any CPU = Debug|Any CPU
		Release|Any CPU = Release|Any CPU
	EndGlobalSection
	GlobalSection(ProjectConfigurationPlatforms) = postSolution
		{18BA0E2C-85D7-4A2F-8B75-71BBB33A4298}.Debug|Any CPU.ActiveCfg = Debug|Any CPU
		{18BA0E2C-85D7-4A2F-8B75-71BBB33A4298}.Debug|Any CPU.Build.0 = Debug|Any CPU
		{18BA0E2C-85D7-4A2F-8B75-71BBB33A4298}.Release|Any CPU.ActiveCfg = Release|Any CPU
		{18BA0E2C-85D7-4A2F-8B75-71BBB33A4298}.Release|Any CPU.Build.0 = Release|Any CPU
	EndGlobalSection
	GlobalSection(SolutionProperties) = preSolution
		HideSolutionNode = FALSE
	EndGlobalSection
	GlobalSection(ExtensibilityGlobals) = postSolution
		SolutionGuid = {405FF82A-DF5A-4D46-9BB4-ACD69244450F}
	EndGlobalSection
EndGlobal
