
Microsoft Visual Studio Solution File, Format Version 12.00
# Visual Studio Version 17
VisualStudioVersion = 17.1.32210.238
MinimumVisualStudioVersion = 10.0.40219.1
Project("{FAE04EC0-301F-11D3-BF4B-00C04F79EFBC}") = "Restaurant10TablesReservationSystem", "Restaurant10TablesReservationSystem\Restaurant10TablesReservationSystem.csproj", "{0D579A3A-D5E4-4963-A124-616140A60C47}"
EndProject
Global
	GlobalSection(SolutionConfigurationPlatforms) = preSolution
		Debug|Any CPU = Debug|Any CPU
		Release|Any CPU = Release|Any CPU
	EndGlobalSection
	GlobalSection(ProjectConfigurationPlatforms) = postSolution
		{0D579A3A-D5E4-4963-A124-616140A60C47}.Debug|Any CPU.ActiveCfg = Debug|Any CPU
		{0D579A3A-D5E4-4963-A124-616140A60C47}.Debug|Any CPU.Build.0 = Debug|Any CPU
		{0D579A3A-D5E4-4963-A124-616140A60C47}.Release|Any CPU.ActiveCfg = Release|Any CPU
		{0D579A3A-D5E4-4963-A124-616140A60C47}.Release|Any CPU.Build.0 = Release|Any CPU
	EndGlobalSection
	GlobalSection(SolutionProperties) = preSolution
		HideSolutionNode = FALSE
	EndGlobalSection
	GlobalSection(ExtensibilityGlobals) = postSolution
		SolutionGuid = {31761478-3140-441C-8C01-FD9F89E34994}
	EndGlobalSection
EndGlobal
