
Microsoft Visual Studio Solution File, Format Version 12.00
# Visual Studio Version 17
VisualStudioVersion = 17.1.32210.238
MinimumVisualStudioVersion = 10.0.40219.1
Project("{FAE04EC0-301F-11D3-BF4B-00C04F79EFBC}") = "ArrayDemoProyect", "ArrayDemoProyect\ArrayDemoProyect.csproj", "{C8048F91-04E7-4B60-B927-4B7843B352C7}"
EndProject
Global
	GlobalSection(SolutionConfigurationPlatforms) = preSolution
		Debug|Any CPU = Debug|Any CPU
		Release|Any CPU = Release|Any CPU
	EndGlobalSection
	GlobalSection(ProjectConfigurationPlatforms) = postSolution
		{C8048F91-04E7-4B60-B927-4B7843B352C7}.Debug|Any CPU.ActiveCfg = Debug|Any CPU
		{C8048F91-04E7-4B60-B927-4B7843B352C7}.Debug|Any CPU.Build.0 = Debug|Any CPU
		{C8048F91-04E7-4B60-B927-4B7843B352C7}.Release|Any CPU.ActiveCfg = Release|Any CPU
		{C8048F91-04E7-4B60-B927-4B7843B352C7}.Release|Any CPU.Build.0 = Release|Any CPU
	EndGlobalSection
	GlobalSection(SolutionProperties) = preSolution
		HideSolutionNode = FALSE
	EndGlobalSection
	GlobalSection(ExtensibilityGlobals) = postSolution
		SolutionGuid = {22E8970F-0FC4-4992-8339-68E09D43B486}
	EndGlobalSection
EndGlobal
